
Microsoft Visual Studio Solution File, Format Version 12.00
Project("{2150E333-8FDC-42A3-9474-1A3956D46DE8}") = "src", "src", "{4B8D025C-DCFF-4911-A3F1-E8E69D9FD612}"
EndProject
Project("{FAE04EC0-301F-11D3-BF4B-00C04F79EFBC}") = "Homely.Application", "src\Homely.Application\Homely.Application.csproj", "{E7A4C184-A01D-472D-97FA-E495230E2E13}"
EndProject
Project("{2150E333-8FDC-42A3-9474-1A3956D46DE8}") = "Modules", "Modules", "{E972B08A-3005-425E-815C-D72DA3F0FABF}"
EndProject
Project("{2150E333-8FDC-42A3-9474-1A3956D46DE8}") = "Identity", "Identity", "{B76C4D47-18CB-4DDF-9A1F-AD17D4F35559}"
EndProject
Project("{FAE04EC0-301F-11D3-BF4B-00C04F79EFBC}") = "Homely.Identity.Api", "src\Modules\Identity\Homely.Identity.Api\Homely.Identity.Api.csproj", "{2C3335BC-F9AC-49EF-85A4-B8C1EC94F0E5}"
EndProject
Global
	GlobalSection(SolutionConfigurationPlatforms) = preSolution
		Debug|Any CPU = Debug|Any CPU
		Release|Any CPU = Release|Any CPU
	EndGlobalSection
	GlobalSection(ProjectConfigurationPlatforms) = postSolution
		{E7A4C184-A01D-472D-97FA-E495230E2E13}.Debug|Any CPU.ActiveCfg = Debug|Any CPU
		{E7A4C184-A01D-472D-97FA-E495230E2E13}.Debug|Any CPU.Build.0 = Debug|Any CPU
		{E7A4C184-A01D-472D-97FA-E495230E2E13}.Release|Any CPU.ActiveCfg = Release|Any CPU
		{E7A4C184-A01D-472D-97FA-E495230E2E13}.Release|Any CPU.Build.0 = Release|Any CPU
		{2C3335BC-F9AC-49EF-85A4-B8C1EC94F0E5}.Debug|Any CPU.ActiveCfg = Debug|Any CPU
		{2C3335BC-F9AC-49EF-85A4-B8C1EC94F0E5}.Debug|Any CPU.Build.0 = Debug|Any CPU
		{2C3335BC-F9AC-49EF-85A4-B8C1EC94F0E5}.Release|Any CPU.ActiveCfg = Release|Any CPU
		{2C3335BC-F9AC-49EF-85A4-B8C1EC94F0E5}.Release|Any CPU.Build.0 = Release|Any CPU
	EndGlobalSection
	GlobalSection(NestedProjects) = preSolution
		{E7A4C184-A01D-472D-97FA-E495230E2E13} = {4B8D025C-DCFF-4911-A3F1-E8E69D9FD612}
		{E972B08A-3005-425E-815C-D72DA3F0FABF} = {4B8D025C-DCFF-4911-A3F1-E8E69D9FD612}
		{B76C4D47-18CB-4DDF-9A1F-AD17D4F35559} = {E972B08A-3005-425E-815C-D72DA3F0FABF}
		{2C3335BC-F9AC-49EF-85A4-B8C1EC94F0E5} = {B76C4D47-18CB-4DDF-9A1F-AD17D4F35559}
	EndGlobalSection
EndGlobal
